{
  "name": "flipdot-display",
  "version": "1.1.3",
  "lockfileVersion": 1,
  "requires": true,
  "dependencies": {
    "acorn": {
      "version": "3.3.0",
      "resolved": "https://registry.npmjs.org/acorn/-/acorn-3.3.0.tgz",
      "integrity": "sha1-ReN/s56No/JbruP/U2niu18iAXo=",
      "dev": true
    },
    "acorn-jsx": {
      "version": "3.0.1",
      "resolved": "https://registry.npmjs.org/acorn-jsx/-/acorn-jsx-3.0.1.tgz",
      "integrity": "sha1-r9+UiPsezvyDSPb7IvRk4ypYs2s=",
      "dev": true,
      "requires": {
        "acorn": "3.3.0"
      }
    },
    "amdefine": {
      "version": "1.0.1",
      "resolved": "https://registry.npmjs.org/amdefine/-/amdefine-1.0.1.tgz",
      "integrity": "sha1-SlKCrBZHKek2Gbz9OtFR+BfOkfU=",
      "dev": true
    },
    "ansi-escape-sequences": {
      "version": "3.0.0",
      "resolved": "https://registry.npmjs.org/ansi-escape-sequences/-/ansi-escape-sequences-3.0.0.tgz",
      "integrity": "sha1-HBg5S2r5t2/5pjUJ+kl2af0s5T4=",
      "dev": true,
      "requires": {
        "array-back": "1.0.4"
      }
    },
    "ansi-styles": {
      "version": "3.1.0",
      "resolved": "https://registry.npmjs.org/ansi-styles/-/ansi-styles-3.1.0.tgz",
      "integrity": "sha1-CcIC1ckX7CMYjKpcnLkXnNlUd1A=",
      "requires": {
        "color-convert": "1.9.0"
      }
    },
    "app-usage-stats": {
      "version": "0.5.1",
      "resolved": "https://registry.npmjs.org/app-usage-stats/-/app-usage-stats-0.5.1.tgz",
      "integrity": "sha1-ZUfF25urCqX1ssVg6syK8g0KsTs=",
      "dev": true,
      "requires": {
        "array-back": "1.0.4",
        "home-path": "1.0.5",
        "test-value": "2.1.0",
        "usage-stats": "0.9.4"
      }
    },
    "args": {
      "version": "3.0.4",
      "resolved": "https://registry.npmjs.org/args/-/args-3.0.4.tgz",
      "integrity": "sha512-lKZ8xDF/cDhrjcEG+PIWzKo0o0f03QpOtLfDFqh29zq0v/+TonQVUhyQurV7LUrkglTAPTtGsOyD2jtfBKlAiA==",
      "requires": {
        "camelcase": "4.1.0",
        "chalk": "2.0.1",
        "minimist": "1.2.0",
        "pkginfo": "0.4.0",
        "string-similarity": "1.2.0"
      }
    },
    "array-back": {
      "version": "1.0.4",
      "resolved": "https://registry.npmjs.org/array-back/-/array-back-1.0.4.tgz",
      "integrity": "sha1-ZEun8JX3/898Q7Xw3DnTwfA8Bjs=",
      "dev": true,
      "requires": {
        "typical": "2.6.1"
      }
    },
    "async": {
      "version": "0.2.10",
      "resolved": "https://registry.npmjs.org/async/-/async-0.2.10.tgz",
      "integrity": "sha1-trvgsGdLnXGXCMo43owjfLUmw9E=",
      "dev": true,
      "optional": true
    },
    "balanced-match": {
      "version": "1.0.0",
      "resolved": "https://registry.npmjs.org/balanced-match/-/balanced-match-1.0.0.tgz",
      "integrity": "sha1-ibTRmasr7kneFk6gK4nORi1xt2c=",
      "dev": true
    },
    "bindings": {
      "version": "1.2.1",
      "resolved": "https://registry.npmjs.org/bindings/-/bindings-1.2.1.tgz",
      "integrity": "sha1-FK1hE4EtLTfXLme0ystLtyZQXxE="
    },
    "bluebird": {
      "version": "3.4.7",
      "resolved": "https://registry.npmjs.org/bluebird/-/bluebird-3.4.7.tgz",
      "integrity": "sha1-9y12C+Cbf3bQjtj66Ysomo0F+rM=",
      "dev": true
    },
    "brace-expansion": {
      "version": "1.1.8",
      "resolved": "https://registry.npmjs.org/brace-expansion/-/brace-expansion-1.1.8.tgz",
      "integrity": "sha1-wHshHHyVLsH479Uad+8NHTmQopI=",
      "dev": true,
      "requires": {
        "balanced-match": "1.0.0",
        "concat-map": "0.0.1"
      }
    },
    "cache-point": {
      "version": "0.4.1",
      "resolved": "https://registry.npmjs.org/cache-point/-/cache-point-0.4.1.tgz",
      "integrity": "sha512-4TgWfe9SF+bUy5cCql8gWHqKNrviufNwSYxLjf2utB0pY4+bdcuFwMmY1hDB+67Gz/L1vmhFNhePAjJTFBtV+Q==",
      "dev": true,
      "requires": {
        "array-back": "2.0.0",
        "fs-then-native": "2.0.0",
        "mkdirp2": "1.0.3"
      },
      "dependencies": {
        "array-back": {
          "version": "2.0.0",
          "resolved": "https://registry.npmjs.org/array-back/-/array-back-2.0.0.tgz",
          "integrity": "sha512-eJv4pLLufP3g5kcZry0j6WXpIbzYw9GUB4mVJZno9wfwiBxbizTnHCw3VJb07cBihbFX48Y7oSrW9y+gt4glyw==",
          "dev": true,
          "requires": {
            "typical": "2.6.1"
          }
        }
      }
    },
    "camelcase": {
      "version": "4.1.0",
      "resolved": "https://registry.npmjs.org/camelcase/-/camelcase-4.1.0.tgz",
      "integrity": "sha1-1UVjW+HjPFQmScaRc+Xeas+uNN0="
    },
    "catharsis": {
      "version": "0.8.9",
      "resolved": "https://registry.npmjs.org/catharsis/-/catharsis-0.8.9.tgz",
      "integrity": "sha1-mMyJDKZS3S7w5ws3klMQ/56Q/Is=",
      "dev": true,
      "requires": {
        "underscore-contrib": "0.3.0"
      }
    },
    "chalk": {
      "version": "2.0.1",
      "resolved": "https://registry.npmjs.org/chalk/-/chalk-2.0.1.tgz",
      "integrity": "sha512-Mp+FXEI+FrwY/XYV45b2YD3E8i3HwnEAoFcM0qlZzq/RZ9RwWitt2Y/c7cqRAz70U7hfekqx6qNYthuKFO6K0g==",
      "requires": {
        "ansi-styles": "3.1.0",
        "escape-string-regexp": "1.0.5",
        "supports-color": "4.2.0"
      }
    },
    "collect-all": {
      "version": "1.0.3",
      "resolved": "https://registry.npmjs.org/collect-all/-/collect-all-1.0.3.tgz",
      "integrity": "sha512-0y0rBgoX8IzIjBAUnO73SEtSb4Mhk3IoceWJq5zZSxb9mWORhWH8xLYo4EDSOE1jRBk1LhmfjqWFFt10h/+MEA==",
      "dev": true,
      "requires": {
        "stream-connect": "1.0.2",
        "stream-via": "1.0.4"
      }
    },
    "color-convert": {
      "version": "1.9.0",
      "resolved": "https://registry.npmjs.org/color-convert/-/color-convert-1.9.0.tgz",
      "integrity": "sha1-Gsz5fdc5uYO/mU1W/sj5WFNkG3o=",
      "requires": {
        "color-name": "1.1.3"
      }
    },
    "color-name": {
      "version": "1.1.3",
      "resolved": "https://registry.npmjs.org/color-name/-/color-name-1.1.3.tgz",
      "integrity": "sha1-p9BVi9icQveV3UIyj3QIMcpTvCU="
    },
    "command-line-args": {
      "version": "4.0.6",
      "resolved": "https://registry.npmjs.org/command-line-args/-/command-line-args-4.0.6.tgz",
      "integrity": "sha1-D/h6HdFZiQ3K6yoAWr2uceVQWfw=",
      "dev": true,
      "requires": {
        "array-back": "1.0.4",
        "find-replace": "1.0.3",
        "typical": "2.6.1"
      }
    },
    "command-line-tool": {
      "version": "0.7.0",
      "resolved": "https://registry.npmjs.org/command-line-tool/-/command-line-tool-0.7.0.tgz",
      "integrity": "sha1-yoB5KuIGnPfKpWLAy8LNEYERIqA=",
      "dev": true,
      "requires": {
        "ansi-escape-sequences": "3.0.0",
        "array-back": "1.0.4",
        "command-line-args": "4.0.6",
        "command-line-usage": "4.0.0",
        "typical": "2.6.1"
      }
    },
    "command-line-usage": {
      "version": "4.0.0",
      "resolved": "https://registry.npmjs.org/command-line-usage/-/command-line-usage-4.0.0.tgz",
      "integrity": "sha1-gWsyeItY+f66RNHm2sYPyuspteo=",
      "dev": true,
      "requires": {
        "ansi-escape-sequences": "3.0.0",
        "array-back": "1.0.4",
        "table-layout": "0.4.0",
        "typical": "2.6.1"
      }
    },
    "commander": {
      "version": "2.11.0",
      "resolved": "https://registry.npmjs.org/commander/-/commander-2.11.0.tgz",
      "integrity": "sha512-b0553uYA5YAEGgyYIGYROzKQ7X5RAqedkfjiZxwi0kL1g3bOaBNNZfYkzt/CL0umgD5wc9Jec2FbB98CjkMRvQ=="
    },
    "common-sequence": {
      "version": "1.0.2",
      "resolved": "https://registry.npmjs.org/common-sequence/-/common-sequence-1.0.2.tgz",
      "integrity": "sha1-MOB/P49vf5s97oVPILLTnu4Ibeg=",
      "dev": true
    },
    "concat-map": {
      "version": "0.0.1",
      "resolved": "https://registry.npmjs.org/concat-map/-/concat-map-0.0.1.tgz",
      "integrity": "sha1-2Klr13/Wjfd5OnMDajug1UBdR3s=",
      "dev": true
    },
    "config-master": {
      "version": "3.1.0",
      "resolved": "https://registry.npmjs.org/config-master/-/config-master-3.1.0.tgz",
      "integrity": "sha1-ZnZjWQUFooO/JqSE1oSJ10xUhdo=",
      "dev": true,
      "requires": {
        "walk-back": "2.0.1"
      }
    },
    "dateformat": {
      "version": "2.0.0",
      "resolved": "https://registry.npmjs.org/dateformat/-/dateformat-2.0.0.tgz",
      "integrity": "sha1-J0Pjq7XD/CRi5SfcpEXgTp9N7hc="
    },
    "debug": {
      "version": "2.6.8",
      "resolved": "https://registry.npmjs.org/debug/-/debug-2.6.8.tgz",
      "integrity": "sha1-5zFTHKLt4n0YgiJCfaF4IdaP9Pw=",
      "requires": {
        "ms": "2.0.0"
      }
    },
    "deep-extend": {
      "version": "0.4.2",
      "resolved": "https://registry.npmjs.org/deep-extend/-/deep-extend-0.4.2.tgz",
      "integrity": "sha1-SLaZwn4zS/ifEIkr5DL25MfTSn8=",
      "dev": true
    },
    "defer-promise": {
      "version": "1.0.1",
      "resolved": "https://registry.npmjs.org/defer-promise/-/defer-promise-1.0.1.tgz",
      "integrity": "sha1-HKb/7dvO8XFd16riXHYW+a4iky8=",
      "dev": true
    },
    "dmd": {
      "version": "3.0.6",
      "resolved": "https://registry.npmjs.org/dmd/-/dmd-3.0.6.tgz",
      "integrity": "sha1-lMDg+4jRy2uCg3WVBT3nkZx1PCU=",
      "dev": true,
      "requires": {
        "array-back": "1.0.4",
        "cache-point": "0.4.1",
        "common-sequence": "1.0.2",
        "file-set": "1.1.1",
        "handlebars": "3.0.3",
        "marked": "0.3.6",
        "object-get": "2.1.0",
        "reduce-flatten": "1.0.1",
        "reduce-unique": "1.0.0",
        "reduce-without": "1.0.1",
        "test-value": "2.1.0",
        "walk-back": "3.0.0"
      },
      "dependencies": {
        "walk-back": {
          "version": "3.0.0",
          "resolved": "https://registry.npmjs.org/walk-back/-/walk-back-3.0.0.tgz",
          "integrity": "sha1-I1h4ejXakQMtrV6S+AsSNw2HlcU=",
          "dev": true
        }
      }
    },
    "escape-string-regexp": {
      "version": "1.0.5",
      "resolved": "https://registry.npmjs.org/escape-string-regexp/-/escape-string-regexp-1.0.5.tgz",
      "integrity": "sha1-G2HAViGQqN/2rjuyzwIAyhMLhtQ="
    },
    "espree": {
      "version": "3.1.7",
      "resolved": "https://registry.npmjs.org/espree/-/espree-3.1.7.tgz",
      "integrity": "sha1-/V3ux2qXpRIKnNOnyxF3oJI7EdI=",
      "dev": true,
      "requires": {
        "acorn": "3.3.0",
        "acorn-jsx": "3.0.1"
      }
    },
    "feature-detect-es6": {
      "version": "1.3.1",
      "resolved": "https://registry.npmjs.org/feature-detect-es6/-/feature-detect-es6-1.3.1.tgz",
      "integrity": "sha1-+IhzavnLDJH1VmO/pHYuuW7nBH8=",
      "dev": true,
      "requires": {
        "array-back": "1.0.4"
      }
    },
    "figlet": {
      "version": "1.2.0",
      "resolved": "https://registry.npmjs.org/figlet/-/figlet-1.2.0.tgz",
      "integrity": "sha1-bEZTc3j6tkkUa1phQ92gGbQwtBA="
    },
    "file-set": {
      "version": "1.1.1",
      "resolved": "https://registry.npmjs.org/file-set/-/file-set-1.1.1.tgz",
      "integrity": "sha1-0+xwwIDsjxjyBLod4QZ4DJBWkms=",
      "dev": true,
      "requires": {
        "array-back": "1.0.4",
        "glob": "7.1.2"
      }
    },
    "find-replace": {
      "version": "1.0.3",
      "resolved": "https://registry.npmjs.org/find-replace/-/find-replace-1.0.3.tgz",
      "integrity": "sha1-uI5zZNLZyVlVnziMZmcNYTBEH6A=",
      "dev": true,
      "requires": {
        "array-back": "1.0.4",
        "test-value": "2.1.0"
      }
    },
    "fs-then-native": {
      "version": "2.0.0",
      "resolved": "https://registry.npmjs.org/fs-then-native/-/fs-then-native-2.0.0.tgz",
      "integrity": "sha1-GaEk2U2QwiyOBF8ujdbr6jbUjGc=",
      "dev": true
    },
    "fs.realpath": {
      "version": "1.0.0",
      "resolved": "https://registry.npmjs.org/fs.realpath/-/fs.realpath-1.0.0.tgz",
      "integrity": "sha1-FQStJSMVjKpA20onh8sBQRmU6k8=",
      "dev": true
    },
    "glob": {
      "version": "7.1.2",
      "resolved": "https://registry.npmjs.org/glob/-/glob-7.1.2.tgz",
      "integrity": "sha512-MJTUg1kjuLeQCJ+ccE4Vpa6kKVXkPYJ2mOCQyUuKLcLQsdrMCpBPUi8qVE6+YuaJkozeA9NusTAw3hLr8Xe5EQ==",
      "dev": true,
      "requires": {
        "fs.realpath": "1.0.0",
        "inflight": "1.0.6",
        "inherits": "2.0.3",
        "minimatch": "3.0.4",
        "once": "1.4.0",
        "path-is-absolute": "1.0.1"
      }
    },
    "graceful-fs": {
      "version": "4.1.11",
      "resolved": "https://registry.npmjs.org/graceful-fs/-/graceful-fs-4.1.11.tgz",
      "integrity": "sha1-Dovf5NHduIVNZOBOp8AOKgJuVlg=",
      "dev": true,
      "optional": true
    },
    "handlebars": {
      "version": "3.0.3",
      "resolved": "https://registry.npmjs.org/handlebars/-/handlebars-3.0.3.tgz",
      "integrity": "sha1-DgllGi8Ps8lJFgWDcQ1VH5Lm0q0=",
      "dev": true,
      "requires": {
        "optimist": "0.6.1",
        "source-map": "0.1.43",
        "uglify-js": "2.3.6"
      }
    },
    "has-flag": {
      "version": "2.0.0",
      "resolved": "https://registry.npmjs.org/has-flag/-/has-flag-2.0.0.tgz",
      "integrity": "sha1-6CB68cx7MNRGzHC3NLXovhj4jVE="
    },
    "home-path": {
      "version": "1.0.5",
      "resolved": "https://registry.npmjs.org/home-path/-/home-path-1.0.5.tgz",
      "integrity": "sha1-eIspgVsS1Tus9XVkhHbm+QQdEz8=",
      "dev": true
    },
    "inflight": {
      "version": "1.0.6",
      "resolved": "https://registry.npmjs.org/inflight/-/inflight-1.0.6.tgz",
      "integrity": "sha1-Sb1jMdfQLQwJvJEKEHW6gWW1bfk=",
      "dev": true,
      "requires": {
        "once": "1.4.0",
        "wrappy": "1.0.2"
      }
    },
    "inherits": {
      "version": "2.0.3",
      "resolved": "https://registry.npmjs.org/inherits/-/inherits-2.0.3.tgz",
      "integrity": "sha1-Yzwsg+PaQqUC9SRmAiSA9CCCYd4=",
      "dev": true
    },
    "js2xmlparser": {
      "version": "1.0.0",
      "resolved": "https://registry.npmjs.org/js2xmlparser/-/js2xmlparser-1.0.0.tgz",
      "integrity": "sha1-WhcPLo1kds5FQF4EgjJCUTeC/jA=",
      "dev": true
    },
    "jsdoc-75lb": {
      "version": "3.6.0",
      "resolved": "https://registry.npmjs.org/jsdoc-75lb/-/jsdoc-75lb-3.6.0.tgz",
      "integrity": "sha1-qAcRlSi0AJzLyrSbdSL2P+xs0L0=",
      "dev": true,
      "requires": {
        "bluebird": "3.4.7",
        "catharsis": "0.8.9",
        "escape-string-regexp": "1.0.5",
        "espree": "3.1.7",
        "js2xmlparser": "1.0.0",
        "klaw": "1.3.1",
        "marked": "0.3.6",
        "mkdirp": "0.5.1",
        "requizzle": "0.2.1",
        "strip-json-comments": "2.0.1",
        "taffydb": "2.6.2",
        "underscore": "1.8.3"
      }
    },
    "jsdoc-api": {
      "version": "3.0.0",
      "resolved": "https://registry.npmjs.org/jsdoc-api/-/jsdoc-api-3.0.0.tgz",
      "integrity": "sha1-DVJwAjX4Zb1Ki61evB77Vi/IrSo=",
      "dev": true,
      "requires": {
        "array-back": "1.0.4",
        "cache-point": "0.4.1",
        "collect-all": "1.0.3",
        "file-set": "1.1.1",
        "fs-then-native": "2.0.0",
        "jsdoc-75lb": "3.6.0",
        "object-to-spawn-args": "1.1.1",
        "temp-path": "1.0.0",
        "walk-back": "2.0.1"
      }
    },
    "jsdoc-parse": {
      "version": "3.0.0",
      "resolved": "https://registry.npmjs.org/jsdoc-parse/-/jsdoc-parse-3.0.0.tgz",
      "integrity": "sha1-JxUx2I8Z3yUgsWMqf2yYlEGof94=",
      "dev": true,
      "requires": {
        "array-back": "1.0.4",
        "lodash.omit": "4.5.0",
        "lodash.pick": "4.4.0",
        "reduce-extract": "1.0.0",
        "sort-array": "1.1.2",
        "test-value": "2.1.0"
      }
    },
    "jsdoc-to-markdown": {
      "version": "3.0.0",
      "resolved": "https://registry.npmjs.org/jsdoc-to-markdown/-/jsdoc-to-markdown-3.0.0.tgz",
      "integrity": "sha1-zIqU8fQSrB2kusFldHWwl17oFho=",
      "dev": true,
      "requires": {
        "array-back": "1.0.4",
        "command-line-tool": "0.7.0",
        "config-master": "3.1.0",
        "dmd": "3.0.6",
        "jsdoc-api": "3.0.0",
        "jsdoc-parse": "3.0.0",
        "jsdoc2md-stats": "2.0.1",
        "walk-back": "2.0.1"
      }
    },
    "jsdoc2md-stats": {
      "version": "2.0.1",
      "resolved": "https://registry.npmjs.org/jsdoc2md-stats/-/jsdoc2md-stats-2.0.1.tgz",
      "integrity": "sha1-vYNDc0z+aeqAUKF5MSUSk/DZBHs=",
      "dev": true,
      "requires": {
        "app-usage-stats": "0.5.1"
      }
    },
    "klaw": {
      "version": "1.3.1",
      "resolved": "https://registry.npmjs.org/klaw/-/klaw-1.3.1.tgz",
      "integrity": "sha1-QIhDO0azsbolnXh4XY6W9zugJDk=",
      "dev": true,
      "requires": {
        "graceful-fs": "4.1.11"
      }
    },
    "lodash": {
      "version": "4.17.4",
      "resolved": "https://registry.npmjs.org/lodash/-/lodash-4.17.4.tgz",
      "integrity": "sha1-eCA6TRwyiuHYbcpkYONptX9AVa4="
    },
    "lodash.omit": {
      "version": "4.5.0",
      "resolved": "https://registry.npmjs.org/lodash.omit/-/lodash.omit-4.5.0.tgz",
      "integrity": "sha1-brGa5aHuHdnfC5aeZs4Lf6MLXmA=",
      "dev": true
    },
    "lodash.padend": {
      "version": "4.6.1",
      "resolved": "https://registry.npmjs.org/lodash.padend/-/lodash.padend-4.6.1.tgz",
      "integrity": "sha1-U8y6BH0G4VjTEfRdpiX05J5vFm4=",
      "dev": true
    },
    "lodash.pick": {
      "version": "4.4.0",
      "resolved": "https://registry.npmjs.org/lodash.pick/-/lodash.pick-4.4.0.tgz",
      "integrity": "sha1-UvBWEP/53tQiYRRB7R/BI6AwAbM=",
      "dev": true
    },
    "marked": {
      "version": "0.3.6",
      "resolved": "https://registry.npmjs.org/marked/-/marked-0.3.6.tgz",
      "integrity": "sha1-ssbGGPzOzk74bE/Gy4p8v1rtqNc=",
      "dev": true
    },
    "minimatch": {
      "version": "3.0.4",
      "resolved": "https://registry.npmjs.org/minimatch/-/minimatch-3.0.4.tgz",
      "integrity": "sha512-yJHVQEhyqPLUTgt9B83PXu6W3rx4MvvHvSUvToogpwoGDOUQ+yDrR0HRot+yOCdCO7u4hX3pWft6kWBBcqh0UA==",
      "dev": true,
      "requires": {
        "brace-expansion": "1.1.8"
      }
    },
    "minimist": {
      "version": "1.2.0",
      "resolved": "https://registry.npmjs.org/minimist/-/minimist-1.2.0.tgz",
      "integrity": "sha1-o1AIsg9BOD7sH7kU9M1d95omQoQ="
    },
    "mkdirp": {
      "version": "0.5.1",
      "resolved": "https://registry.npmjs.org/mkdirp/-/mkdirp-0.5.1.tgz",
      "integrity": "sha1-MAV0OOrGz3+MR2fzhkjWaX11yQM=",
      "dev": true,
      "requires": {
        "minimist": "0.0.8"
      },
      "dependencies": {
        "minimist": {
          "version": "0.0.8",
          "resolved": "https://registry.npmjs.org/minimist/-/minimist-0.0.8.tgz",
          "integrity": "sha1-hX/Kv8M5fSYluCKCYuhqp6ARsF0=",
          "dev": true
        }
      }
    },
    "mkdirp2": {
      "version": "1.0.3",
      "resolved": "https://registry.npmjs.org/mkdirp2/-/mkdirp2-1.0.3.tgz",
      "integrity": "sha1-zI3YJl8fBuLY9bELblL04FC+0hs=",
      "dev": true
    },
    "ms": {
      "version": "2.0.0",
      "resolved": "https://registry.npmjs.org/ms/-/ms-2.0.0.tgz",
      "integrity": "sha1-VgiurfwAvmwpAd9fmGF4jeDVl8g="
    },
    "nan": {
      "version": "2.6.2",
      "resolved": "https://registry.npmjs.org/nan/-/nan-2.6.2.tgz",
      "integrity": "sha1-5P805slf37WuzAjeZZb0NgWn20U="
    },
    "object-get": {
      "version": "2.1.0",
      "resolved": "https://registry.npmjs.org/object-get/-/object-get-2.1.0.tgz",
      "integrity": "sha1-ciu9tgA576R8rTxtws5RqFwCxa4=",
      "dev": true
    },
    "object-to-spawn-args": {
      "version": "1.1.1",
      "resolved": "https://registry.npmjs.org/object-to-spawn-args/-/object-to-spawn-args-1.1.1.tgz",
      "integrity": "sha1-d9qIJ/Bz0BHJ4bFz+JV4FHAkZ4U=",
      "dev": true
    },
    "once": {
      "version": "1.4.0",
      "resolved": "https://registry.npmjs.org/once/-/once-1.4.0.tgz",
      "integrity": "sha1-WDsap3WWHUsROsF9nFC6753Xa9E=",
      "dev": true,
      "requires": {
        "wrappy": "1.0.2"
      }
    },
    "optimist": {
      "version": "0.6.1",
      "resolved": "https://registry.npmjs.org/optimist/-/optimist-0.6.1.tgz",
      "integrity": "sha1-2j6nRob6IaGaERwybpDrFaAZZoY=",
      "dev": true,
      "requires": {
        "minimist": "0.0.10",
        "wordwrap": "0.0.3"
      },
      "dependencies": {
        "minimist": {
          "version": "0.0.10",
          "resolved": "https://registry.npmjs.org/minimist/-/minimist-0.0.10.tgz",
          "integrity": "sha1-3j+YVD2/lggr5IrRoMfNqDYwHc8=",
          "dev": true
        }
      }
    },
    "path": {
      "version": "0.12.7",
      "resolved": "https://registry.npmjs.org/path/-/path-0.12.7.tgz",
      "integrity": "sha1-1NwqUGxM4hl+tIHr/NWzbAFAsQ8=",
      "requires": {
        "process": "0.11.10",
        "util": "0.10.3"
      }
    },
    "path-is-absolute": {
      "version": "1.0.1",
      "resolved": "https://registry.npmjs.org/path-is-absolute/-/path-is-absolute-1.0.1.tgz",
      "integrity": "sha1-F0uSaHNVNP+8es5r9TpanhtcX18=",
      "dev": true
    },
    "pkginfo": {
      "version": "0.4.0",
      "resolved": "https://registry.npmjs.org/pkginfo/-/pkginfo-0.4.0.tgz",
      "integrity": "sha1-NJ27f/04CB/K3AhT32h/DHdEzWU="
    },
    "process": {
      "version": "0.11.10",
      "resolved": "https://registry.npmjs.org/process/-/process-0.11.10.tgz",
      "integrity": "sha1-czIwDoQBYb2j5podHZGn1LwW8YI="
    },
    "reduce-extract": {
      "version": "1.0.0",
      "resolved": "https://registry.npmjs.org/reduce-extract/-/reduce-extract-1.0.0.tgz",
      "integrity": "sha1-Z/I4W+2mUGG19fQxJmLosIDKFSU=",
      "dev": true,
      "requires": {
        "test-value": "1.1.0"
      },
      "dependencies": {
        "test-value": {
          "version": "1.1.0",
          "resolved": "https://registry.npmjs.org/test-value/-/test-value-1.1.0.tgz",
          "integrity": "sha1-oJE29y7AQ9J8iTcHwrFZv6196T8=",
          "dev": true,
          "requires": {
            "array-back": "1.0.4",
            "typical": "2.6.1"
          }
        }
      }
    },
    "reduce-flatten": {
      "version": "1.0.1",
      "resolved": "https://registry.npmjs.org/reduce-flatten/-/reduce-flatten-1.0.1.tgz",
      "integrity": "sha1-JYx479FT3fk8tWEjf2EYTzaW4yc=",
      "dev": true
    },
    "reduce-unique": {
      "version": "1.0.0",
      "resolved": "https://registry.npmjs.org/reduce-unique/-/reduce-unique-1.0.0.tgz",
      "integrity": "sha1-flhrz4ek4ytter2Cd/rWzeyfSAM=",
      "dev": true
    },
    "reduce-without": {
      "version": "1.0.1",
      "resolved": "https://registry.npmjs.org/reduce-without/-/reduce-without-1.0.1.tgz",
      "integrity": "sha1-aK0OrRGFXJo31OglbBW7+Hly/Iw=",
      "dev": true,
      "requires": {
        "test-value": "2.1.0"
      }
    },
    "req-then": {
      "version": "0.6.4",
      "resolved": "https://registry.npmjs.org/req-then/-/req-then-0.6.4.tgz",
      "integrity": "sha512-Uf7xsK1qPqPUetESHemNQ7nGtgOxngSFtlcAOOkx0lDAo+XRZpEA9QDrGBdyOfGq4b+a0z/D5gR2VJ+pp/dzBA==",
      "dev": true,
      "requires": {
        "array-back": "2.0.0",
        "defer-promise": "1.0.1",
        "lodash.pick": "4.4.0",
        "stream-read-all": "0.1.1",
        "typical": "2.6.1"
      },
      "dependencies": {
        "array-back": {
          "version": "2.0.0",
          "resolved": "https://registry.npmjs.org/array-back/-/array-back-2.0.0.tgz",
          "integrity": "sha512-eJv4pLLufP3g5kcZry0j6WXpIbzYw9GUB4mVJZno9wfwiBxbizTnHCw3VJb07cBihbFX48Y7oSrW9y+gt4glyw==",
          "dev": true,
          "requires": {
            "typical": "2.6.1"
          }
        }
      }
    },
    "requizzle": {
      "version": "0.2.1",
      "resolved": "https://registry.npmjs.org/requizzle/-/requizzle-0.2.1.tgz",
      "integrity": "sha1-aUPDUwxNmn5G8c3dUcFY/GcM294=",
      "dev": true,
      "requires": {
        "underscore": "1.6.0"
      },
      "dependencies": {
        "underscore": {
          "version": "1.6.0",
          "resolved": "https://registry.npmjs.org/underscore/-/underscore-1.6.0.tgz",
          "integrity": "sha1-izixDKze9jM3uLJOT/htRa6lKag=",
          "dev": true
        }
      }
    },
    "serialport": {
      "version": "5.0.0-beta8",
      "resolved": "https://registry.npmjs.org/serialport/-/serialport-5.0.0-beta8.tgz",
      "integrity": "sha512-GP+/XvW7FF69hdvBebWKTMlDqNtxaTPUO6D0SVjbdqxIN7sOe1PelmjRxloV1GSAFYKAylfZhMdO6C/UlvKfGQ==",
      "requires": {
        "bindings": "1.2.1",
        "commander": "2.11.0",
        "debug": "2.6.8",
        "nan": "2.6.2",
        "node-pre-gyp": "0.6.36",
        "safe-buffer": "5.1.1"
      },
      "dependencies": {
        "abbrev": {
          "version": "1.1.0",
          "bundled": true
        },
        "ajv": {
          "version": "4.11.8",
          "bundled": true,
          "requires": {
            "co": "4.6.0",
            "json-stable-stringify": "1.0.1"
          }
        },
        "ansi-regex": {
          "version": "2.1.1",
          "bundled": true
        },
        "aproba": {
          "version": "1.1.2",
          "bundled": true
        },
        "are-we-there-yet": {
          "version": "1.1.4",
          "bundled": true,
          "requires": {
            "delegates": "1.0.0",
            "readable-stream": "2.3.3"
          }
        },
        "asn1": {
          "version": "0.2.3",
          "bundled": true
        },
        "assert-plus": {
          "version": "0.2.0",
          "bundled": true
        },
        "asynckit": {
          "version": "0.4.0",
          "bundled": true
        },
        "aws-sign2": {
          "version": "0.6.0",
          "bundled": true
        },
        "aws4": {
          "version": "1.6.0",
          "bundled": true
        },
        "balanced-match": {
          "version": "1.0.0",
          "bundled": true
        },
        "bcrypt-pbkdf": {
          "version": "1.0.1",
          "bundled": true,
          "optional": true,
          "requires": {
            "tweetnacl": "0.14.5"
          }
        },
        "block-stream": {
          "version": "0.0.9",
          "bundled": true,
          "requires": {
            "inherits": "2.0.3"
          }
        },
        "boom": {
          "version": "2.10.1",
          "bundled": true,
          "requires": {
            "hoek": "2.16.3"
          }
        },
        "brace-expansion": {
          "version": "1.1.8",
          "bundled": true,
          "requires": {
            "balanced-match": "1.0.0",
            "concat-map": "0.0.1"
          }
        },
        "caseless": {
          "version": "0.12.0",
          "bundled": true
        },
        "co": {
          "version": "4.6.0",
          "bundled": true
        },
        "code-point-at": {
          "version": "1.1.0",
          "bundled": true
        },
        "combined-stream": {
          "version": "1.0.5",
          "bundled": true,
          "requires": {
            "delayed-stream": "1.0.0"
          }
        },
        "concat-map": {
          "version": "0.0.1",
          "bundled": true
        },
        "console-control-strings": {
          "version": "1.1.0",
          "bundled": true
        },
        "core-util-is": {
          "version": "1.0.2",
          "bundled": true
        },
        "cryptiles": {
          "version": "2.0.5",
          "bundled": true,
          "requires": {
            "boom": "2.10.1"
          }
        },
        "dashdash": {
          "version": "1.14.1",
          "bundled": true,
          "requires": {
            "assert-plus": "1.0.0"
          },
          "dependencies": {
            "assert-plus": {
              "version": "1.0.0",
              "bundled": true
            }
          }
        },
        "debug": {
          "version": "2.6.8",
          "bundled": true,
          "requires": {
            "ms": "2.0.0"
          }
        },
        "deep-extend": {
          "version": "0.4.2",
          "bundled": true
        },
        "delayed-stream": {
          "version": "1.0.0",
          "bundled": true
        },
        "delegates": {
          "version": "1.0.0",
          "bundled": true
        },
        "ecc-jsbn": {
          "version": "0.1.1",
          "bundled": true,
          "optional": true,
          "requires": {
            "jsbn": "0.1.1"
          }
        },
        "extend": {
          "version": "3.0.1",
          "bundled": true
        },
        "extsprintf": {
          "version": "1.0.2",
          "bundled": true
        },
        "forever-agent": {
          "version": "0.6.1",
          "bundled": true
        },
        "form-data": {
          "version": "2.1.4",
          "bundled": true,
          "requires": {
            "asynckit": "0.4.0",
            "combined-stream": "1.0.5",
            "mime-types": "2.1.15"
          }
        },
        "fs.realpath": {
          "version": "1.0.0",
          "bundled": true
        },
        "fstream": {
          "version": "1.0.11",
          "bundled": true,
          "requires": {
            "graceful-fs": "4.1.11",
            "inherits": "2.0.3",
            "mkdirp": "0.5.1",
            "rimraf": "2.6.1"
          }
        },
        "fstream-ignore": {
          "version": "1.0.5",
          "bundled": true,
          "requires": {
            "fstream": "1.0.11",
            "inherits": "2.0.3",
            "minimatch": "3.0.4"
          }
        },
        "gauge": {
          "version": "2.7.4",
          "bundled": true,
          "requires": {
            "aproba": "1.1.2",
            "console-control-strings": "1.1.0",
            "has-unicode": "2.0.1",
            "object-assign": "4.1.1",
            "signal-exit": "3.0.2",
            "string-width": "1.0.2",
            "strip-ansi": "3.0.1",
            "wide-align": "1.1.2"
          }
        },
        "getpass": {
          "version": "0.1.7",
          "bundled": true,
          "requires": {
            "assert-plus": "1.0.0"
          },
          "dependencies": {
            "assert-plus": {
              "version": "1.0.0",
              "bundled": true
            }
          }
        },
        "glob": {
          "version": "7.1.2",
          "bundled": true,
          "requires": {
            "fs.realpath": "1.0.0",
            "inflight": "1.0.6",
            "inherits": "2.0.3",
            "minimatch": "3.0.4",
            "once": "1.4.0",
            "path-is-absolute": "1.0.1"
          }
        },
        "graceful-fs": {
          "version": "4.1.11",
          "bundled": true
        },
        "har-schema": {
          "version": "1.0.5",
          "bundled": true
        },
        "har-validator": {
          "version": "4.2.1",
          "bundled": true,
          "requires": {
            "ajv": "4.11.8",
            "har-schema": "1.0.5"
          }
        },
        "has-unicode": {
          "version": "2.0.1",
          "bundled": true
        },
        "hawk": {
          "version": "3.1.3",
          "bundled": true,
          "requires": {
            "boom": "2.10.1",
            "cryptiles": "2.0.5",
            "hoek": "2.16.3",
            "sntp": "1.0.9"
          }
        },
        "hoek": {
          "version": "2.16.3",
          "bundled": true
        },
        "http-signature": {
          "version": "1.1.1",
          "bundled": true,
          "requires": {
            "assert-plus": "0.2.0",
            "jsprim": "1.4.0",
            "sshpk": "1.13.1"
          }
        },
        "inflight": {
          "version": "1.0.6",
          "bundled": true,
          "requires": {
            "once": "1.4.0",
            "wrappy": "1.0.2"
          }
        },
        "inherits": {
          "version": "2.0.3",
          "bundled": true
        },
        "ini": {
          "version": "1.3.4",
          "bundled": true
        },
        "is-fullwidth-code-point": {
          "version": "1.0.0",
          "bundled": true,
          "requires": {
            "number-is-nan": "1.0.1"
          }
        },
        "is-typedarray": {
          "version": "1.0.0",
          "bundled": true
        },
        "isarray": {
          "version": "1.0.0",
          "bundled": true
        },
        "isstream": {
          "version": "0.1.2",
          "bundled": true
        },
        "jsbn": {
          "version": "0.1.1",
          "bundled": true,
          "optional": true
        },
        "json-schema": {
          "version": "0.2.3",
          "bundled": true
        },
        "json-stable-stringify": {
          "version": "1.0.1",
          "bundled": true,
          "requires": {
            "jsonify": "0.0.0"
          }
        },
        "json-stringify-safe": {
          "version": "5.0.1",
          "bundled": true
        },
        "jsonify": {
          "version": "0.0.0",
          "bundled": true
        },
        "jsprim": {
          "version": "1.4.0",
          "bundled": true,
          "requires": {
            "assert-plus": "1.0.0",
            "extsprintf": "1.0.2",
            "json-schema": "0.2.3",
            "verror": "1.3.6"
          },
          "dependencies": {
            "assert-plus": {
              "version": "1.0.0",
              "bundled": true
            }
          }
        },
        "mime-db": {
          "version": "1.27.0",
          "bundled": true
        },
        "mime-types": {
          "version": "2.1.15",
          "bundled": true,
          "requires": {
            "mime-db": "1.27.0"
          }
        },
        "minimatch": {
          "version": "3.0.4",
          "bundled": true,
          "requires": {
            "brace-expansion": "1.1.8"
          }
        },
        "minimist": {
          "version": "0.0.8",
          "bundled": true
        },
        "mkdirp": {
          "version": "0.5.1",
          "bundled": true,
          "requires": {
            "minimist": "0.0.8"
          }
        },
        "ms": {
          "version": "2.0.0",
          "bundled": true
        },
        "node-pre-gyp": {
          "version": "0.6.36",
          "bundled": true,
          "requires": {
            "mkdirp": "0.5.1",
            "nopt": "4.0.1",
            "npmlog": "4.1.2",
            "rc": "1.2.1",
            "request": "2.81.0",
            "rimraf": "2.6.1",
            "semver": "5.3.0",
            "tar": "2.2.1",
            "tar-pack": "3.4.0"
          }
        },
        "nopt": {
          "version": "4.0.1",
          "bundled": true,
          "requires": {
            "abbrev": "1.1.0",
            "osenv": "0.1.4"
          }
        },
        "npmlog": {
          "version": "4.1.2",
          "bundled": true,
          "requires": {
            "are-we-there-yet": "1.1.4",
            "console-control-strings": "1.1.0",
            "gauge": "2.7.4",
            "set-blocking": "2.0.0"
          }
        },
        "number-is-nan": {
          "version": "1.0.1",
          "bundled": true
        },
        "oauth-sign": {
          "version": "0.8.2",
          "bundled": true
        },
        "object-assign": {
          "version": "4.1.1",
          "bundled": true
        },
        "once": {
          "version": "1.4.0",
          "bundled": true,
          "requires": {
            "wrappy": "1.0.2"
          }
        },
        "os-homedir": {
          "version": "1.0.2",
          "bundled": true
        },
        "os-tmpdir": {
          "version": "1.0.2",
          "bundled": true
        },
        "osenv": {
          "version": "0.1.4",
          "bundled": true,
          "requires": {
            "os-homedir": "1.0.2",
            "os-tmpdir": "1.0.2"
          }
        },
        "path-is-absolute": {
          "version": "1.0.1",
          "bundled": true
        },
        "performance-now": {
          "version": "0.2.0",
          "bundled": true
        },
        "process-nextick-args": {
          "version": "1.0.7",
          "bundled": true
        },
        "punycode": {
          "version": "1.4.1",
          "bundled": true
        },
        "qs": {
          "version": "6.4.0",
          "bundled": true
        },
        "rc": {
          "version": "1.2.1",
          "bundled": true,
          "requires": {
            "deep-extend": "0.4.2",
            "ini": "1.3.4",
            "minimist": "1.2.0",
            "strip-json-comments": "2.0.1"
          },
          "dependencies": {
            "minimist": {
              "version": "1.2.0",
              "bundled": true
            }
          }
        },
        "readable-stream": {
          "version": "2.3.3",
          "bundled": true,
          "requires": {
            "core-util-is": "1.0.2",
            "inherits": "2.0.3",
            "isarray": "1.0.0",
            "process-nextick-args": "1.0.7",
            "safe-buffer": "5.1.1",
            "string_decoder": "1.0.3",
            "util-deprecate": "1.0.2"
          }
        },
        "request": {
          "version": "2.81.0",
          "bundled": true,
          "requires": {
            "aws-sign2": "0.6.0",
            "aws4": "1.6.0",
            "caseless": "0.12.0",
            "combined-stream": "1.0.5",
            "extend": "3.0.1",
            "forever-agent": "0.6.1",
            "form-data": "2.1.4",
            "har-validator": "4.2.1",
            "hawk": "3.1.3",
            "http-signature": "1.1.1",
            "is-typedarray": "1.0.0",
            "isstream": "0.1.2",
            "json-stringify-safe": "5.0.1",
            "mime-types": "2.1.15",
            "oauth-sign": "0.8.2",
            "performance-now": "0.2.0",
            "qs": "6.4.0",
            "safe-buffer": "5.1.1",
            "stringstream": "0.0.5",
            "tough-cookie": "2.3.2",
            "tunnel-agent": "0.6.0",
            "uuid": "3.1.0"
          }
        },
        "rimraf": {
          "version": "2.6.1",
          "bundled": true,
          "requires": {
            "glob": "7.1.2"
          }
        },
        "safe-buffer": {
          "version": "5.1.1",
          "bundled": true
        },
        "semver": {
          "version": "5.3.0",
          "bundled": true
        },
        "set-blocking": {
          "version": "2.0.0",
          "bundled": true
        },
        "signal-exit": {
          "version": "3.0.2",
          "bundled": true
        },
        "sntp": {
          "version": "1.0.9",
          "bundled": true,
          "requires": {
            "hoek": "2.16.3"
          }
        },
        "sshpk": {
          "version": "1.13.1",
          "bundled": true,
          "requires": {
            "asn1": "0.2.3",
            "assert-plus": "1.0.0",
            "bcrypt-pbkdf": "1.0.1",
            "dashdash": "1.14.1",
            "ecc-jsbn": "0.1.1",
            "getpass": "0.1.7",
            "jsbn": "0.1.1",
            "tweetnacl": "0.14.5"
          },
          "dependencies": {
            "assert-plus": {
              "version": "1.0.0",
              "bundled": true
            }
          }
        },
        "string-width": {
          "version": "1.0.2",
          "bundled": true,
          "requires": {
            "code-point-at": "1.1.0",
            "is-fullwidth-code-point": "1.0.0",
            "strip-ansi": "3.0.1"
          }
        },
        "string_decoder": {
          "version": "1.0.3",
          "bundled": true,
          "requires": {
            "safe-buffer": "5.1.1"
          }
        },
        "stringstream": {
          "version": "0.0.5",
          "bundled": true
        },
        "strip-ansi": {
          "version": "3.0.1",
          "bundled": true,
          "requires": {
            "ansi-regex": "2.1.1"
          }
        },
        "strip-json-comments": {
          "version": "2.0.1",
          "bundled": true
        },
        "tar": {
          "version": "2.2.1",
          "bundled": true,
          "requires": {
            "block-stream": "0.0.9",
            "fstream": "1.0.11",
            "inherits": "2.0.3"
          }
        },
        "tar-pack": {
          "version": "3.4.0",
          "bundled": true,
          "requires": {
            "debug": "2.6.8",
            "fstream": "1.0.11",
            "fstream-ignore": "1.0.5",
            "once": "1.4.0",
            "readable-stream": "2.3.3",
            "rimraf": "2.6.1",
            "tar": "2.2.1",
            "uid-number": "0.0.6"
          }
        },
        "tough-cookie": {
          "version": "2.3.2",
          "bundled": true,
          "requires": {
            "punycode": "1.4.1"
          }
        },
        "tunnel-agent": {
          "version": "0.6.0",
          "bundled": true,
          "requires": {
            "safe-buffer": "5.1.1"
          }
        },
        "tweetnacl": {
          "version": "0.14.5",
          "bundled": true,
          "optional": true
        },
        "uid-number": {
          "version": "0.0.6",
          "bundled": true
        },
        "util-deprecate": {
          "version": "1.0.2",
          "bundled": true
        },
        "uuid": {
          "version": "3.1.0",
          "bundled": true
        },
        "verror": {
          "version": "1.3.6",
          "bundled": true,
          "requires": {
            "extsprintf": "1.0.2"
          }
        },
        "wide-align": {
          "version": "1.1.2",
          "bundled": true,
          "requires": {
            "string-width": "1.0.2"
          }
        },
        "wrappy": {
          "version": "1.0.2",
          "bundled": true
        }
      }
    },
    "sort-array": {
      "version": "1.1.2",
      "resolved": "https://registry.npmjs.org/sort-array/-/sort-array-1.1.2.tgz",
      "integrity": "sha1-uImGBTwBcKf53mPxiknsecJMPmQ=",
      "dev": true,
      "requires": {
        "array-back": "1.0.4",
        "object-get": "2.1.0",
        "typical": "2.6.1"
      }
    },
    "source-map": {
      "version": "0.1.43",
      "resolved": "https://registry.npmjs.org/source-map/-/source-map-0.1.43.tgz",
      "integrity": "sha1-wkvBRspRfBRx9drL4lcbK3+eM0Y=",
      "dev": true,
      "requires": {
        "amdefine": "1.0.1"
      }
    },
    "stream-connect": {
      "version": "1.0.2",
      "resolved": "https://registry.npmjs.org/stream-connect/-/stream-connect-1.0.2.tgz",
      "integrity": "sha1-GLyB8u2zW4tdmoAJIAqYUxRCipc=",
      "dev": true,
      "requires": {
        "array-back": "1.0.4"
      }
    },
    "stream-read-all": {
      "version": "0.1.1",
      "resolved": "https://registry.npmjs.org/stream-read-all/-/stream-read-all-0.1.1.tgz",
      "integrity": "sha512-1bjIXLwe3idAFSWfIyGbChKt0G/pCJDsbKVMeuRseU/anV9VdF2Aq47LpKUzrWV5+60PJJ1Xljo8ea/9X7NFtw==",
      "dev": true,
      "requires": {
        "test-runner": "0.4.0"
      }
    },
    "stream-via": {
      "version": "1.0.4",
      "resolved": "https://registry.npmjs.org/stream-via/-/stream-via-1.0.4.tgz",
      "integrity": "sha512-DBp0lSvX5G9KGRDTkR/R+a29H+Wk2xItOF+MpZLLNDWbEV9tGPnqLPxHEYjmiz8xGtJHRIqmI+hCjmNzqoA4nQ==",
      "dev": true
    },
    "string-similarity": {
      "version": "1.2.0",
      "resolved": "https://registry.npmjs.org/string-similarity/-/string-similarity-1.2.0.tgz",
      "integrity": "sha1-11FTyzg4RjGLejmo2SkrtNtOnDA=",
      "requires": {
        "lodash": "4.17.4"
      }
    },
    "strip-json-comments": {
      "version": "2.0.1",
      "resolved": "https://registry.npmjs.org/strip-json-comments/-/strip-json-comments-2.0.1.tgz",
      "integrity": "sha1-PFMZQukIwml8DsNEhYwobHygpgo=",
      "dev": true
    },
    "supports-color": {
      "version": "4.2.0",
      "resolved": "https://registry.npmjs.org/supports-color/-/supports-color-4.2.0.tgz",
      "integrity": "sha512-Ts0Mu/A1S1aZxEJNG88I4Oc9rcZSBFNac5e27yh4j2mqbhZSSzR1Ah79EYwSn9Zuh7lrlGD2cVGzw1RKGzyLSg==",
      "requires": {
        "has-flag": "2.0.0"
      }
    },
    "table-layout": {
      "version": "0.4.0",
      "resolved": "https://registry.npmjs.org/table-layout/-/table-layout-0.4.0.tgz",
      "integrity": "sha1-xw/wRV2a3WO5H3wVp3kmKVwODn0=",
      "dev": true,
      "requires": {
        "array-back": "1.0.4",
        "deep-extend": "0.4.2",
        "lodash.padend": "4.6.1",
        "typical": "2.6.1",
        "wordwrapjs": "2.0.0"
      }
    },
    "taffydb": {
      "version": "2.6.2",
      "resolved": "https://registry.npmjs.org/taffydb/-/taffydb-2.6.2.tgz",
      "integrity": "sha1-fLy2S1oUG2ou/CxdLGe04VCyomg=",
      "dev": true
    },
    "temp-path": {
      "version": "1.0.0",
      "resolved": "https://registry.npmjs.org/temp-path/-/temp-path-1.0.0.tgz",
      "integrity": "sha1-JLFUOXOrRCiW2a02fdnL2/r+kYs=",
      "dev": true
    },
    "test-runner": {
      "version": "0.4.0",
      "resolved": "https://registry.npmjs.org/test-runner/-/test-runner-0.4.0.tgz",
      "integrity": "sha512-9mYw9ccaZs6X+31KarOdblFsqclqQjHJnltE0IfuwLqtPg9Fx4kSQkpFCyiOf3+xpSocDfpRmO6fPvai0/HLRQ==",
      "dev": true,
      "requires": {
        "ansi-escape-sequences": "3.0.0",
        "array-back": "1.0.4",
        "command-line-args": "4.0.6",
        "command-line-usage": "4.0.0",
        "file-set": "1.1.1",
        "reduce-flatten": "1.0.1"
      }
    },
    "test-value": {
      "version": "2.1.0",
      "resolved": "https://registry.npmjs.org/test-value/-/test-value-2.1.0.tgz",
      "integrity": "sha1-Edpv9nDzRxpztiXKTz/c97t0gpE=",
      "dev": true,
      "requires": {
        "array-back": "1.0.4",
        "typical": "2.6.1"
      }
    },
    "typical": {
      "version": "2.6.1",
      "resolved": "https://registry.npmjs.org/typical/-/typical-2.6.1.tgz",
      "integrity": "sha1-XAgOXWYcu+OCWdLnCjxyU+hziB0=",
      "dev": true
    },
    "uglify-js": {
      "version": "2.3.6",
      "resolved": "https://registry.npmjs.org/uglify-js/-/uglify-js-2.3.6.tgz",
      "integrity": "sha1-+gmEdwtCi3qbKoBY9GNV0U/vIRo=",
      "dev": true,
      "optional": true,
      "requires": {
        "async": "0.2.10",
        "optimist": "0.3.7",
        "source-map": "0.1.43"
      },
      "dependencies": {
        "optimist": {
          "version": "0.3.7",
          "resolved": "https://registry.npmjs.org/optimist/-/optimist-0.3.7.tgz",
          "integrity": "sha1-yQlBrVnkJzMokjB00s8ufLxuwNk=",
          "dev": true,
          "optional": true,
          "requires": {
            "wordwrap": "0.0.3"
          }
        }
      }
    },
    "underscore": {
      "version": "1.8.3",
      "resolved": "https://registry.npmjs.org/underscore/-/underscore-1.8.3.tgz",
      "integrity": "sha1-Tz+1OxBuYJf8+ctBCfKl6b36UCI=",
      "dev": true
    },
    "underscore-contrib": {
      "version": "0.3.0",
      "resolved": "https://registry.npmjs.org/underscore-contrib/-/underscore-contrib-0.3.0.tgz",
      "integrity": "sha1-ZltmwkeD+PorGMn4y7Dix9SMJsc=",
      "dev": true,
      "requires": {
        "underscore": "1.6.0"
      },
      "dependencies": {
        "underscore": {
          "version": "1.6.0",
          "resolved": "https://registry.npmjs.org/underscore/-/underscore-1.6.0.tgz",
          "integrity": "sha1-izixDKze9jM3uLJOT/htRa6lKag=",
          "dev": true
        }
      }
    },
    "usage-stats": {
      "version": "0.9.4",
      "resolved": "https://registry.npmjs.org/usage-stats/-/usage-stats-0.9.4.tgz",
      "integrity": "sha512-u94pT+UDv+ZcjA5PT4KuMR67JL6VqeaQU6RN83Gf7yTqGrD/WqgCwhaj1DAKETR/KrteWXL0XZwlkDJuLJdtkg==",
      "dev": true,
      "requires": {
        "array-back": "2.0.0",
        "home-path": "1.0.5",
        "mkdirp2": "1.0.3",
        "req-then": "0.6.4",
        "typical": "2.6.1",
        "uuid": "3.1.0"
      },
      "dependencies": {
        "array-back": {
          "version": "2.0.0",
          "resolved": "https://registry.npmjs.org/array-back/-/array-back-2.0.0.tgz",
          "integrity": "sha512-eJv4pLLufP3g5kcZry0j6WXpIbzYw9GUB4mVJZno9wfwiBxbizTnHCw3VJb07cBihbFX48Y7oSrW9y+gt4glyw==",
          "dev": true,
          "requires": {
            "typical": "2.6.1"
          }
        }
      }
    },
    "util": {
      "version": "0.10.3",
      "resolved": "https://registry.npmjs.org/util/-/util-0.10.3.tgz",
      "integrity": "sha1-evsa/lCAUkZInj23/g7TeTNqwPk=",
      "requires": {
        "inherits": "2.0.1"
      },
      "dependencies": {
        "inherits": {
          "version": "2.0.1",
          "resolved": "https://registry.npmjs.org/inherits/-/inherits-2.0.1.tgz",
          "integrity": "sha1-sX0I0ya0Qj5Wjv9xn5GwscvfafE="
        }
      }
    },
    "uuid": {
      "version": "3.1.0",
      "resolved": "https://registry.npmjs.org/uuid/-/uuid-3.1.0.tgz",
      "integrity": "sha512-DIWtzUkw04M4k3bf1IcpS2tngXEL26YUD2M0tMDUpnUrz2hgzUBlD55a4FjdLGPvfHxS6uluGWvaVEqgBcVa+g==",
      "dev": true
    },
    "walk-back": {
      "version": "2.0.1",
      "resolved": "https://registry.npmjs.org/walk-back/-/walk-back-2.0.1.tgz",
      "integrity": "sha1-VU4qnYdPrEeoywBr9EwvDEmYoKQ=",
      "dev": true
    },
    "wordwrap": {
      "version": "0.0.3",
      "resolved": "https://registry.npmjs.org/wordwrap/-/wordwrap-0.0.3.tgz",
      "integrity": "sha1-o9XabNXAvAAI03I0u68b7WMFkQc=",
      "dev": true
    },
    "wordwrapjs": {
      "version": "2.0.0",
      "resolved": "https://registry.npmjs.org/wordwrapjs/-/wordwrapjs-2.0.0.tgz",
      "integrity": "sha1-q1X2leYRjak4WP3XDAU9HF4BrCA=",
      "dev": true,
      "requires": {
        "array-back": "1.0.4",
        "feature-detect-es6": "1.3.1",
        "reduce-flatten": "1.0.1",
        "typical": "2.6.1"
      }
    },
    "wrappy": {
      "version": "1.0.2",
      "resolved": "https://registry.npmjs.org/wrappy/-/wrappy-1.0.2.tgz",
      "integrity": "sha1-tSQ9jz7BqjXxNkYFvA0QNuMKtp8=",
      "dev": true
    }
  }
}
